
Microsoft Visual Studio Solution File, Format Version 12.00
# Visual Studio Version 17
VisualStudioVersion = 17.8.34511.84
MinimumVisualStudioVersion = 10.0.40219.1
Project("{FAE04EC0-301F-11D3-BF4B-00C04F79EFBC}") = "WebScoker.Api", "WebScoker.Api\WebScoker.Api.csproj", "{C7E38720-FA03-4146-9900-35A53C9DE1D4}"
EndProject
Project("{FAE04EC0-301F-11D3-BF4B-00C04F79EFBC}") = "Observer.Lib", "Observer.Lib\Observer.Lib.csproj", "{121816D2-7A7B-40E6-A398-0E6107DE51F2}"
EndProject
Global
	GlobalSection(SolutionConfigurationPlatforms) = preSolution
		Debug|Any CPU = Debug|Any CPU
		Release|Any CPU = Release|Any CPU
	EndGlobalSection
	GlobalSection(ProjectConfigurationPlatforms) = postSolution
		{C7E38720-FA03-4146-9900-35A53C9DE1D4}.Debug|Any CPU.ActiveCfg = Debug|Any CPU
		{C7E38720-FA03-4146-9900-35A53C9DE1D4}.Debug|Any CPU.Build.0 = Debug|Any CPU
		{C7E38720-FA03-4146-9900-35A53C9DE1D4}.Release|Any CPU.ActiveCfg = Release|Any CPU
		{C7E38720-FA03-4146-9900-35A53C9DE1D4}.Release|Any CPU.Build.0 = Release|Any CPU
		{121816D2-7A7B-40E6-A398-0E6107DE51F2}.Debug|Any CPU.ActiveCfg = Debug|Any CPU
		{121816D2-7A7B-40E6-A398-0E6107DE51F2}.Debug|Any CPU.Build.0 = Debug|Any CPU
		{121816D2-7A7B-40E6-A398-0E6107DE51F2}.Release|Any CPU.ActiveCfg = Release|Any CPU
		{121816D2-7A7B-40E6-A398-0E6107DE51F2}.Release|Any CPU.Build.0 = Release|Any CPU
	EndGlobalSection
	GlobalSection(SolutionProperties) = preSolution
		HideSolutionNode = FALSE
	EndGlobalSection
	GlobalSection(ExtensibilityGlobals) = postSolution
		SolutionGuid = {3A344CE1-40E1-4DDA-8095-8F1377B4F6E7}
	EndGlobalSection
EndGlobal
